
Microsoft Visual Studio Solution File, Format Version 12.00
# Visual Studio Version 16
VisualStudioVersion = 16.0.30517.126
MinimumVisualStudioVersion = 10.0.40219.1
Project("{FAE04EC0-301F-11D3-BF4B-00C04F79EFBC}") = "EvernoteClone", "EvernoteClone\EvernoteClone.csproj", "{D819C091-B582-4AFC-9C77-7811619FEB88}"
EndProject
Global
	GlobalSection(SolutionConfigurationPlatforms) = preSolution
		Debug|Any CPU = Debug|Any CPU
		Release|Any CPU = Release|Any CPU
	EndGlobalSection
	GlobalSection(ProjectConfigurationPlatforms) = postSolution
		{D819C091-B582-4AFC-9C77-7811619FEB88}.Debug|Any CPU.ActiveCfg = Debug|Any CPU
		{D819C091-B582-4AFC-9C77-7811619FEB88}.Debug|Any CPU.Build.0 = Debug|Any CPU
		{D819C091-B582-4AFC-9C77-7811619FEB88}.Release|Any CPU.ActiveCfg = Release|Any CPU
		{D819C091-B582-4AFC-9C77-7811619FEB88}.Release|Any CPU.Build.0 = Release|Any CPU
	EndGlobalSection
	GlobalSection(SolutionProperties) = preSolution
		HideSolutionNode = FALSE
	EndGlobalSection
	GlobalSection(ExtensibilityGlobals) = postSolution
		SolutionGuid = {41B1AECD-5ED1-421C-8863-EAAB07999766}
	EndGlobalSection
EndGlobal
